
Microsoft Visual Studio Solution File, Format Version 12.00
# Visual Studio Version 17
VisualStudioVersion = 17.8.34330.188
MinimumVisualStudioVersion = 10.0.40219.1
Project("{9A19103F-16F7-4668-BE54-9A1E7A4F7556}") = "Order.API", "Order.API\Order.API.csproj", "{351AE68B-C9F3-4506-8419-E64CDC03D581}"
EndProject
Project("{9A19103F-16F7-4668-BE54-9A1E7A4F7556}") = "Shared", "Shared\Shared.csproj", "{5300F245-F05F-433C-9FAB-631CE448A17B}"
EndProject
Project("{9A19103F-16F7-4668-BE54-9A1E7A4F7556}") = "Stock.API", "Stock.API\Stock.API.csproj", "{60CDA37B-40F8-4305-8DF3-6CB8EC9D072F}"
EndProject
Project("{FAE04EC0-301F-11D3-BF4B-00C04F79EFBC}") = "Payment.API", "Payment.API\Payment.API.csproj", "{D042F6B2-90D0-4783-A38D-23AE5FCC1061}"
EndProject
Global
	GlobalSection(SolutionConfigurationPlatforms) = preSolution
		Debug|Any CPU = Debug|Any CPU
		Release|Any CPU = Release|Any CPU
	EndGlobalSection
	GlobalSection(ProjectConfigurationPlatforms) = postSolution
		{351AE68B-C9F3-4506-8419-E64CDC03D581}.Debug|Any CPU.ActiveCfg = Debug|Any CPU
		{351AE68B-C9F3-4506-8419-E64CDC03D581}.Debug|Any CPU.Build.0 = Debug|Any CPU
		{351AE68B-C9F3-4506-8419-E64CDC03D581}.Release|Any CPU.ActiveCfg = Release|Any CPU
		{351AE68B-C9F3-4506-8419-E64CDC03D581}.Release|Any CPU.Build.0 = Release|Any CPU
		{5300F245-F05F-433C-9FAB-631CE448A17B}.Debug|Any CPU.ActiveCfg = Debug|Any CPU
		{5300F245-F05F-433C-9FAB-631CE448A17B}.Debug|Any CPU.Build.0 = Debug|Any CPU
		{5300F245-F05F-433C-9FAB-631CE448A17B}.Release|Any CPU.ActiveCfg = Release|Any CPU
		{5300F245-F05F-433C-9FAB-631CE448A17B}.Release|Any CPU.Build.0 = Release|Any CPU
		{60CDA37B-40F8-4305-8DF3-6CB8EC9D072F}.Debug|Any CPU.ActiveCfg = Debug|Any CPU
		{60CDA37B-40F8-4305-8DF3-6CB8EC9D072F}.Debug|Any CPU.Build.0 = Debug|Any CPU
		{60CDA37B-40F8-4305-8DF3-6CB8EC9D072F}.Release|Any CPU.ActiveCfg = Release|Any CPU
		{60CDA37B-40F8-4305-8DF3-6CB8EC9D072F}.Release|Any CPU.Build.0 = Release|Any CPU
		{D042F6B2-90D0-4783-A38D-23AE5FCC1061}.Debug|Any CPU.ActiveCfg = Debug|Any CPU
		{D042F6B2-90D0-4783-A38D-23AE5FCC1061}.Debug|Any CPU.Build.0 = Debug|Any CPU
		{D042F6B2-90D0-4783-A38D-23AE5FCC1061}.Release|Any CPU.ActiveCfg = Release|Any CPU
		{D042F6B2-90D0-4783-A38D-23AE5FCC1061}.Release|Any CPU.Build.0 = Release|Any CPU
	EndGlobalSection
	GlobalSection(SolutionProperties) = preSolution
		HideSolutionNode = FALSE
	EndGlobalSection
	GlobalSection(ExtensibilityGlobals) = postSolution
		SolutionGuid = {8F68F1F3-4620-43B7-BAA5-649D5E749110}
	EndGlobalSection
EndGlobal
